
Microsoft Visual Studio Solution File, Format Version 12.00
# Visual Studio Version 16
VisualStudioVersion = 16.0.33801.447
MinimumVisualStudioVersion = 10.0.40219.1
Project("{FAE04EC0-301F-11D3-BF4B-00C04F79EFBC}") = "Presentation", "Presentation\Presentation.csproj", "{A164B198-320E-45F5-8740-58D3443B08E0}"
EndProject
Project("{FAE04EC0-301F-11D3-BF4B-00C04F79EFBC}") = "Domain", "Domain\Domain.csproj", "{FB31590A-476F-4DAE-99F1-9D2D5F68E852}"
EndProject
Project("{FAE04EC0-301F-11D3-BF4B-00C04F79EFBC}") = "Business", "Business\Business.csproj", "{8EB5BB91-D464-4147-90CB-1844F0782D3D}"
EndProject
Global
	GlobalSection(SolutionConfigurationPlatforms) = preSolution
		Debug|Any CPU = Debug|Any CPU
		Release|Any CPU = Release|Any CPU
	EndGlobalSection
	GlobalSection(ProjectConfigurationPlatforms) = postSolution
		{A164B198-320E-45F5-8740-58D3443B08E0}.Debug|Any CPU.ActiveCfg = Debug|Any CPU
		{A164B198-320E-45F5-8740-58D3443B08E0}.Debug|Any CPU.Build.0 = Debug|Any CPU
		{A164B198-320E-45F5-8740-58D3443B08E0}.Release|Any CPU.ActiveCfg = Release|Any CPU
		{A164B198-320E-45F5-8740-58D3443B08E0}.Release|Any CPU.Build.0 = Release|Any CPU
		{FB31590A-476F-4DAE-99F1-9D2D5F68E852}.Debug|Any CPU.ActiveCfg = Debug|Any CPU
		{FB31590A-476F-4DAE-99F1-9D2D5F68E852}.Debug|Any CPU.Build.0 = Debug|Any CPU
		{FB31590A-476F-4DAE-99F1-9D2D5F68E852}.Release|Any CPU.ActiveCfg = Release|Any CPU
		{FB31590A-476F-4DAE-99F1-9D2D5F68E852}.Release|Any CPU.Build.0 = Release|Any CPU
		{8EB5BB91-D464-4147-90CB-1844F0782D3D}.Debug|Any CPU.ActiveCfg = Debug|Any CPU
		{8EB5BB91-D464-4147-90CB-1844F0782D3D}.Debug|Any CPU.Build.0 = Debug|Any CPU
		{8EB5BB91-D464-4147-90CB-1844F0782D3D}.Release|Any CPU.ActiveCfg = Release|Any CPU
		{8EB5BB91-D464-4147-90CB-1844F0782D3D}.Release|Any CPU.Build.0 = Release|Any CPU
	EndGlobalSection
	GlobalSection(SolutionProperties) = preSolution
		HideSolutionNode = FALSE
	EndGlobalSection
	GlobalSection(ExtensibilityGlobals) = postSolution
		SolutionGuid = {AA5A8505-4A22-477C-9D3D-98AB6DD8D922}
	EndGlobalSection
EndGlobal
